// !$*UTF8*$!
{
	archiveVersion = 1;
	classes = {
	};
	objectVersion = 50;
	objects = {

/* Begin PBXBuildFile section */
		060E59D3241D56CA00CFE925 /* AppDelegate.swift in Sources */ = {isa = PBXBuildFile; fileRef = 060E59D2241D56CA00CFE925 /* AppDelegate.swift */; };
		060E59D7241D56CA00CFE925 /* ViewController.swift in Sources */ = {isa = PBXBuildFile; fileRef = 060E59D6241D56CA00CFE925 /* ViewController.swift */; };
		060E59DA241D56CA00CFE925 /* Main.storyboard in Resources */ = {isa = PBXBuildFile; fileRef = 060E59D8241D56CA00CFE925 /* Main.storyboard */; };
		060E59DC241D56CB00CFE925 /* Assets.xcassets in Resources */ = {isa = PBXBuildFile; fileRef = 060E59DB241D56CB00CFE925 /* Assets.xcassets */; };
		060E59DF241D56CB00CFE925 /* LaunchScreen.storyboard in Resources */ = {isa = PBXBuildFile; fileRef = 060E59DD241D56CB00CFE925 /* LaunchScreen.storyboard */; };
		060E59EA241D56CB00CFE925 /* ViewModel_Inputs_OutputsTests.swift in Sources */ = {isa = PBXBuildFile; fileRef = 060E59E9241D56CB00CFE925 /* ViewModel_Inputs_OutputsTests.swift */; };
		060E59F6241D57EE00CFE925 /* ViewModel.swift in Sources */ = {isa = PBXBuildFile; fileRef = 060E59F5241D57EE00CFE925 /* ViewModel.swift */; };
		060E59F7241D57EE00CFE925 /* ViewModel.swift in Sources */ = {isa = PBXBuildFile; fileRef = 060E59F5241D57EE00CFE925 /* ViewModel.swift */; };
		060E59FA241D6B8B00CFE925 /* Tasks.swift in Sources */ = {isa = PBXBuildFile; fileRef = 060E59F9241D6B8B00CFE925 /* Tasks.swift */; };
		060E59FB241D6B8B00CFE925 /* Tasks.swift in Sources */ = {isa = PBXBuildFile; fileRef = 060E59F9241D6B8B00CFE925 /* Tasks.swift */; };
		0646A0C4241D8BCC00E0C833 /* TaskModel.xcdatamodeld in Sources */ = {isa = PBXBuildFile; fileRef = 0646A0C2241D8BCC00E0C833 /* TaskModel.xcdatamodeld */; };
		0646A0C5241D8BCC00E0C833 /* TaskModel.xcdatamodeld in Sources */ = {isa = PBXBuildFile; fileRef = 0646A0C2241D8BCC00E0C833 /* TaskModel.xcdatamodeld */; };
		0646A0CD241DC22800E0C833 /* TableViewCell.swift in Sources */ = {isa = PBXBuildFile; fileRef = 0646A0CC241DC22800E0C833 /* TableViewCell.swift */; };
		0646A0CE241DC22800E0C833 /* TableViewCell.swift in Sources */ = {isa = PBXBuildFile; fileRef = 0646A0CC241DC22800E0C833 /* TableViewCell.swift */; };
/* End PBXBuildFile section */

/* Begin PBXContainerItemProxy section */
		060E59E6241D56CB00CFE925 /* PBXContainerItemProxy */ = {
			isa = PBXContainerItemProxy;
			containerPortal = 060E59C7241D56CA00CFE925 /* Project object */;
			proxyType = 1;
			remoteGlobalIDString = 060E59CE241D56CA00CFE925;
			remoteInfo = ViewModel_Inputs_Outputs;
		};
/* End PBXContainerItemProxy section */

/* Begin PBXFileReference section */
		060E59CF241D56CA00CFE925 /* ViewModel_Inputs_Outputs.app */ = {isa = PBXFileReference; explicitFileType = wrapper.application; includeInIndex = 0; path = ViewModel_Inputs_Outputs.app; sourceTree = BUILT_PRODUCTS_DIR; };
		060E59D2241D56CA00CFE925 /* AppDelegate.swift */ = {isa = PBXFileReference; lastKnownFileType = sourcecode.swift; path = AppDelegate.swift; sourceTree = "<group>"; };
		060E59D6241D56CA00CFE925 /* ViewController.swift */ = {isa = PBXFileReference; lastKnownFileType = sourcecode.swift; path = ViewController.swift; sourceTree = "<group>"; };
		060E59D9241D56CA00CFE925 /* Base */ = {isa = PBXFileReference; lastKnownFileType = file.storyboard; name = Base; path = Base.lproj/Main.storyboard; sourceTree = "<group>"; };
		060E59DB241D56CB00CFE925 /* Assets.xcassets */ = {isa = PBXFileReference; lastKnownFileType = folder.assetcatalog; path = Assets.xcassets; sourceTree = "<group>"; };
		060E59DE241D56CB00CFE925 /* Base */ = {isa = PBXFileReference; lastKnownFileType = file.storyboard; name = Base; path = Base.lproj/LaunchScreen.storyboard; sourceTree = "<group>"; };
		060E59E0241D56CB00CFE925 /* Info.plist */ = {isa = PBXFileReference; lastKnownFileType = text.plist.xml; path = Info.plist; sourceTree = "<group>"; };
		060E59E5241D56CB00CFE925 /* ViewModel_Inputs_OutputsTests.xctest */ = {isa = PBXFileReference; explicitFileType = wrapper.cfbundle; includeInIndex = 0; path = ViewModel_Inputs_OutputsTests.xctest; sourceTree = BUILT_PRODUCTS_DIR; };
		060E59E9241D56CB00CFE925 /* ViewModel_Inputs_OutputsTests.swift */ = {isa = PBXFileReference; lastKnownFileType = sourcecode.swift; path = ViewModel_Inputs_OutputsTests.swift; sourceTree = "<group>"; };
		060E59EB241D56CB00CFE925 /* Info.plist */ = {isa = PBXFileReference; lastKnownFileType = text.plist.xml; path = Info.plist; sourceTree = "<group>"; };
		060E59F5241D57EE00CFE925 /* ViewModel.swift */ = {isa = PBXFileReference; lastKnownFileType = sourcecode.swift; path = ViewModel.swift; sourceTree = "<group>"; };
		060E59F9241D6B8B00CFE925 /* Tasks.swift */ = {isa = PBXFileReference; lastKnownFileType = sourcecode.swift; path = Tasks.swift; sourceTree = "<group>"; };
		0646A0C3241D8BCC00E0C833 /* TaskModel.xcdatamodel */ = {isa = PBXFileReference; lastKnownFileType = wrapper.xcdatamodel; path = TaskModel.xcdatamodel; sourceTree = "<group>"; };
		0646A0CC241DC22800E0C833 /* TableViewCell.swift */ = {isa = PBXFileReference; lastKnownFileType = sourcecode.swift; path = TableViewCell.swift; sourceTree = "<group>"; };
/* End PBXFileReference section */

/* Begin PBXFrameworksBuildPhase section */
		060E59CC241D56CA00CFE925 /* Frameworks */ = {
			isa = PBXFrameworksBuildPhase;
			buildActionMask = 2147483647;
			files = (
			);
			runOnlyForDeploymentPostprocessing = 0;
		};
		060E59E2241D56CB00CFE925 /* Frameworks */ = {
			isa = PBXFrameworksBuildPhase;
			buildActionMask = 2147483647;
			files = (
			);
			runOnlyForDeploymentPostprocessing = 0;
		};
/* End PBXFrameworksBuildPhase section */

/* Begin PBXGroup section */
		060E59C6241D56CA00CFE925 = {
			isa = PBXGroup;
			children = (
				060E59D1241D56CA00CFE925 /* ViewModel_Inputs_Outputs */,
				060E59E8241D56CB00CFE925 /* ViewModel_Inputs_OutputsTests */,
				060E59D0241D56CA00CFE925 /* Products */,
			);
			sourceTree = "<group>";
		};
		060E59D0241D56CA00CFE925 /* Products */ = {
			isa = PBXGroup;
			children = (
				060E59CF241D56CA00CFE925 /* ViewModel_Inputs_Outputs.app */,
				060E59E5241D56CB00CFE925 /* ViewModel_Inputs_OutputsTests.xctest */,
			);
			name = Products;
			sourceTree = "<group>";
		};
		060E59D1241D56CA00CFE925 /* ViewModel_Inputs_Outputs */ = {
			isa = PBXGroup;
			children = (
				060E59D2241D56CA00CFE925 /* AppDelegate.swift */,
				060E59F4241D57CB00CFE925 /* Presentation */,
				060E59F8241D6B6900CFE925 /* Data */,
				060E59D8241D56CA00CFE925 /* Main.storyboard */,
				060E59DB241D56CB00CFE925 /* Assets.xcassets */,
				060E59DD241D56CB00CFE925 /* LaunchScreen.storyboard */,
				060E59E0241D56CB00CFE925 /* Info.plist */,
			);
			path = ViewModel_Inputs_Outputs;
			sourceTree = "<group>";
		};
		060E59E8241D56CB00CFE925 /* ViewModel_Inputs_OutputsTests */ = {
			isa = PBXGroup;
			children = (
				060E59E9241D56CB00CFE925 /* ViewModel_Inputs_OutputsTests.swift */,
				060E59EB241D56CB00CFE925 /* Info.plist */,
			);
			path = ViewModel_Inputs_OutputsTests;
			sourceTree = "<group>";
		};
		060E59F4241D57CB00CFE925 /* Presentation */ = {
			isa = PBXGroup;
			children = (
				060E59D6241D56CA00CFE925 /* ViewController.swift */,
				060E59F5241D57EE00CFE925 /* ViewModel.swift */,
				0646A0CC241DC22800E0C833 /* TableViewCell.swift */,
			);
			path = Presentation;
			sourceTree = "<group>";
		};
		060E59F8241D6B6900CFE925 /* Data */ = {
			isa = PBXGroup;
			children = (
				060E59F9241D6B8B00CFE925 /* Tasks.swift */,
				0646A0C2241D8BCC00E0C833 /* TaskModel.xcdatamodeld */,
			);
			path = Data;
			sourceTree = "<group>";
		};
/* End PBXGroup section */

/* Begin PBXNativeTarget section */
		060E59CE241D56CA00CFE925 /* ViewModel_Inputs_Outputs */ = {
			isa = PBXNativeTarget;
			buildConfigurationList = 060E59EE241D56CB00CFE925 /* Build configuration list for PBXNativeTarget "ViewModel_Inputs_Outputs" */;
			buildPhases = (
				060E59CB241D56CA00CFE925 /* Sources */,
				060E59CC241D56CA00CFE925 /* Frameworks */,
				060E59CD241D56CA00CFE925 /* Resources */,
			);
			buildRules = (
			);
			dependencies = (
			);
			name = ViewModel_Inputs_Outputs;
			productName = ViewModel_Inputs_Outputs;
			productReference = 060E59CF241D56CA00CFE925 /* ViewModel_Inputs_Outputs.app */;
			productType = "com.apple.product-type.application";
		};
		060E59E4241D56CB00CFE925 /* ViewModel_Inputs_OutputsTests */ = {
			isa = PBXNativeTarget;
			buildConfigurationList = 060E59F1241D56CB00CFE925 /* Build configuration list for PBXNativeTarget "ViewModel_Inputs_OutputsTests" */;
			buildPhases = (
				060E59E1241D56CB00CFE925 /* Sources */,
				060E59E2241D56CB00CFE925 /* Frameworks */,
				060E59E3241D56CB00CFE925 /* Resources */,
			);
			buildRules = (
			);
			dependencies = (
				060E59E7241D56CB00CFE925 /* PBXTargetDependency */,
			);
			name = ViewModel_Inputs_OutputsTests;
			productName = ViewModel_Inputs_OutputsTests;
			productReference = 060E59E5241D56CB00CFE925 /* ViewModel_Inputs_OutputsTests.xctest */;
			productType = "com.apple.product-type.bundle.unit-test";
		};
/* End PBXNativeTarget section */

/* Begin PBXProject section */
		060E59C7241D56CA00CFE925 /* Project object */ = {
			isa = PBXProject;
			attributes = {
				LastSwiftUpdateCheck = 1130;
				LastUpgradeCheck = 1130;
				ORGANIZATIONNAME = "Raul Mena";
				TargetAttributes = {
					060E59CE241D56CA00CFE925 = {
						CreatedOnToolsVersion = 11.3.1;
					};
					060E59E4241D56CB00CFE925 = {
						CreatedOnToolsVersion = 11.3.1;
						TestTargetID = 060E59CE241D56CA00CFE925;
					};
				};
			};
			buildConfigurationList = 060E59CA241D56CA00CFE925 /* Build configuration list for PBXProject "ViewModel_Inputs_Outputs" */;
			compatibilityVersion = "Xcode 9.3";
			developmentRegion = en;
			hasScannedForEncodings = 0;
			knownRegions = (
				en,
				Base,
			);
			mainGroup = 060E59C6241D56CA00CFE925;
			productRefGroup = 060E59D0241D56CA00CFE925 /* Products */;
			projectDirPath = "";
			projectRoot = "";
			targets = (
				060E59CE241D56CA00CFE925 /* ViewModel_Inputs_Outputs */,
				060E59E4241D56CB00CFE925 /* ViewModel_Inputs_OutputsTests */,
			);
		};
/* End PBXProject section */

/* Begin PBXResourcesBuildPhase section */
		060E59CD241D56CA00CFE925 /* Resources */ = {
			isa = PBXResourcesBuildPhase;
			buildActionMask = 2147483647;
			files = (
				060E59DF241D56CB00CFE925 /* LaunchScreen.storyboard in Resources */,
				060E59DC241D56CB00CFE925 /* Assets.xcassets in Resources */,
				060E59DA241D56CA00CFE925 /* Main.storyboard in Resources */,
			);
			runOnlyForDeploymentPostprocessing = 0;
		};
		060E59E3241D56CB00CFE925 /* Resources */ = {
			isa = PBXResourcesBuildPhase;
			buildActionMask = 2147483647;
			files = (
			);
			runOnlyForDeploymentPostprocessing = 0;
		};
/* End PBXResourcesBuildPhase section */

/* Begin PBXSourcesBuildPhase section */
		060E59CB241D56CA00CFE925 /* Sources */ = {
			isa = PBXSourcesBuildPhase;
			buildActionMask = 2147483647;
			files = (
				0646A0C4241D8BCC00E0C833 /* TaskModel.xcdatamodeld in Sources */,
				060E59FA241D6B8B00CFE925 /* Tasks.swift in Sources */,
				060E59D7241D56CA00CFE925 /* ViewController.swift in Sources */,
				0646A0CD241DC22800E0C833 /* TableViewCell.swift in Sources */,
				060E59F6241D57EE00CFE925 /* ViewModel.swift in Sources */,
				060E59D3241D56CA00CFE925 /* AppDelegate.swift in Sources */,
			);
			runOnlyForDeploymentPostprocessing = 0;
		};
		060E59E1241D56CB00CFE925 /* Sources */ = {
			isa = PBXSourcesBuildPhase;
			buildActionMask = 2147483647;
			files = (
				0646A0CE241DC22800E0C833 /* TableViewCell.swift in Sources */,
				060E59F7241D57EE00CFE925 /* ViewModel.swift in Sources */,
				060E59FB241D6B8B00CFE925 /* Tasks.swift in Sources */,
				0646A0C5241D8BCC00E0C833 /* TaskModel.xcdatamodeld in Sources */,
				060E59EA241D56CB00CFE925 /* ViewModel_Inputs_OutputsTests.swift in Sources */,
			);
			runOnlyForDeploymentPostprocessing = 0;
		};
/* End PBXSourcesBuildPhase section */

/* Begin PBXTargetDependency section */
		060E59E7241D56CB00CFE925 /* PBXTargetDependency */ = {
			isa = PBXTargetDependency;
			target = 060E59CE241D56CA00CFE925 /* ViewModel_Inputs_Outputs */;
			targetProxy = 060E59E6241D56CB00CFE925 /* PBXContainerItemProxy */;
		};
/* End PBXTargetDependency section */

/* Begin PBXVariantGroup section */
		060E59D8241D56CA00CFE925 /* Main.storyboard */ = {
			isa = PBXVariantGroup;
			children = (
				060E59D9241D56CA00CFE925 /* Base */,
			);
			name = Main.storyboard;
			sourceTree = "<group>";
		};
		060E59DD241D56CB00CFE925 /* LaunchScreen.storyboard */ = {
			isa = PBXVariantGroup;
			children = (
				060E59DE241D56CB00CFE925 /* Base */,
			);
			name = LaunchScreen.storyboard;
			sourceTree = "<group>";
		};
/* End PBXVariantGroup section */

/* Begin XCBuildConfiguration section */
		060E59EC241D56CB00CFE925 /* Debug */ = {
			isa = XCBuildConfiguration;
			buildSettings = {
				ALWAYS_SEARCH_USER_PATHS = NO;
				CLANG_ANALYZER_NONNULL = YES;
				CLANG_ANALYZER_NUMBER_OBJECT_CONVERSION = YES_AGGRESSIVE;
				CLANG_CXX_LANGUAGE_STANDARD = "gnu++14";
				CLANG_CXX_LIBRARY = "libc++";
				CLANG_ENABLE_MODULES = YES;
				CLANG_ENABLE_OBJC_ARC = YES;
				CLANG_ENABLE_OBJC_WEAK = YES;
				CLANG_WARN_BLOCK_CAPTURE_AUTORELEASING = YES;
				CLANG_WARN_BOOL_CONVERSION = YES;
				CLANG_WARN_COMMA = YES;
				CLANG_WARN_CONSTANT_CONVERSION = YES;
				CLANG_WARN_DEPRECATED_OBJC_IMPLEMENTATIONS = YES;
				CLANG_WARN_DIRECT_OBJC_ISA_USAGE = YES_ERROR;
				CLANG_WARN_DOCUMENTATION_COMMENTS = YES;
				CLANG_WARN_EMPTY_BODY = YES;
				CLANG_WARN_ENUM_CONVERSION = YES;
				CLANG_WARN_INFINITE_RECURSION = YES;
				CLANG_WARN_INT_CONVERSION = YES;
				CLANG_WARN_NON_LITERAL_NULL_CONVERSION = YES;
				CLANG_WARN_OBJC_IMPLICIT_RETAIN_SELF = YES;
				CLANG_WARN_OBJC_LITERAL_CONVERSION = YES;
				CLANG_WARN_OBJC_ROOT_CLASS = YES_ERROR;
				CLANG_WARN_RANGE_LOOP_ANALYSIS = YES;
				CLANG_WARN_STRICT_PROTOTYPES = YES;
				CLANG_WARN_SUSPICIOUS_MOVE = YES;
				CLANG_WARN_UNGUARDED_AVAILABILITY = YES_AGGRESSIVE;
				CLANG_WARN_UNREACHABLE_CODE = YES;
				CLANG_WARN__DUPLICATE_METHOD_MATCH = YES;
				COPY_PHASE_STRIP = NO;
				DEBUG_INFORMATION_FORMAT = dwarf;
				ENABLE_STRICT_OBJC_MSGSEND = YES;
				ENABLE_TESTABILITY = YES;
				GCC_C_LANGUAGE_STANDARD = gnu11;
				GCC_DYNAMIC_NO_PIC = NO;
				GCC_NO_COMMON_BLOCKS = YES;
				GCC_OPTIMIZATION_LEVEL = 0;
				GCC_PREPROCESSOR_DEFINITIONS = (
					"DEBUG=1",
					"$(inherited)",
				);
				GCC_WARN_64_TO_32_BIT_CONVERSION = YES;
				GCC_WARN_ABOUT_RETURN_TYPE = YES_ERROR;
				GCC_WARN_UNDECLARED_SELECTOR = YES;
				GCC_WARN_UNINITIALIZED_AUTOS = YES_AGGRESSIVE;
				GCC_WARN_UNUSED_FUNCTION = YES;
				GCC_WARN_UNUSED_VARIABLE = YES;
				IPHONEOS_DEPLOYMENT_TARGET = 13.2;
				MTL_ENABLE_DEBUG_INFO = INCLUDE_SOURCE;
				MTL_FAST_MATH = YES;
				ONLY_ACTIVE_ARCH = YES;
				SDKROOT = iphoneos;
				SWIFT_ACTIVE_COMPILATION_CONDITIONS = DEBUG;
				SWIFT_OPTIMIZATION_LEVEL = "-Onone";
			};
			name = Debug;
		};
		060E59ED241D56CB00CFE925 /* Release */ = {
			isa = XCBuildConfiguration;
			buildSettings = {
				ALWAYS_SEARCH_USER_PATHS = NO;
				CLANG_ANALYZER_NONNULL = YES;
				CLANG_ANALYZER_NUMBER_OBJECT_CONVERSION = YES_AGGRESSIVE;
				CLANG_CXX_LANGUAGE_STANDARD = "gnu++14";
				CLANG_CXX_LIBRARY = "libc++";
				CLANG_ENABLE_MODULES = YES;
				CLANG_ENABLE_OBJC_ARC = YES;
				CLANG_ENABLE_OBJC_WEAK = YES;
				CLANG_WARN_BLOCK_CAPTURE_AUTORELEASING = YES;
				CLANG_WARN_BOOL_CONVERSION = YES;
				CLANG_WARN_COMMA = YES;
				CLANG_WARN_CONSTANT_CONVERSION = YES;
				CLANG_WARN_DEPRECATED_OBJC_IMPLEMENTATIONS = YES;
				CLANG_WARN_DIRECT_OBJC_ISA_USAGE = YES_ERROR;
				CLANG_WARN_DOCUMENTATION_COMMENTS = YES;
				CLANG_WARN_EMPTY_BODY = YES;
				CLANG_WARN_ENUM_CONVERSION = YES;
				CLANG_WARN_INFINITE_RECURSION = YES;
				CLANG_WARN_INT_CONVERSION = YES;
				CLANG_WARN_NON_LITERAL_NULL_CONVERSION = YES;
				CLANG_WARN_OBJC_IMPLICIT_RETAIN_SELF = YES;
				CLANG_WARN_OBJC_LITERAL_CONVERSION = YES;
				CLANG_WARN_OBJC_ROOT_CLASS = YES_ERROR;
				CLANG_WARN_RANGE_LOOP_ANALYSIS = YES;
				CLANG_WARN_STRICT_PROTOTYPES = YES;
				CLANG_WARN_SUSPICIOUS_MOVE = YES;
				CLANG_WARN_UNGUARDED_AVAILABILITY = YES_AGGRESSIVE;
				CLANG_WARN_UNREACHABLE_CODE = YES;
				CLANG_WARN__DUPLICATE_METHOD_MATCH = YES;
				COPY_PHASE_STRIP = NO;
				DEBUG_INFORMATION_FORMAT = "dwarf-with-dsym";
				ENABLE_NS_ASSERTIONS = NO;
				ENABLE_STRICT_OBJC_MSGSEND = YES;
				GCC_C_LANGUAGE_STANDARD = gnu11;
				GCC_NO_COMMON_BLOCKS = YES;
				GCC_WARN_64_TO_32_BIT_CONVERSION = YES;
				GCC_WARN_ABOUT_RETURN_TYPE = YES_ERROR;
				GCC_WARN_UNDECLARED_SELECTOR = YES;
				GCC_WARN_UNINITIALIZED_AUTOS = YES_AGGRESSIVE;
				GCC_WARN_UNUSED_FUNCTION = YES;
				GCC_WARN_UNUSED_VARIABLE = YES;
				IPHONEOS_DEPLOYMENT_TARGET = 13.2;
				MTL_ENABLE_DEBUG_INFO = NO;
				MTL_FAST_MATH = YES;
				SDKROOT = iphoneos;
				SWIFT_COMPILATION_MODE = wholemodule;
				SWIFT_OPTIMIZATION_LEVEL = "-O";
				VALIDATE_PRODUCT = YES;
			};
			name = Release;
		};
		060E59EF241D56CB00CFE925 /* Debug */ = {
			isa = XCBuildConfiguration;
			buildSettings = {
				ASSETCATALOG_COMPILER_APPICON_NAME = AppIcon;
				CODE_SIGN_STYLE = Automatic;
				DEVELOPMENT_TEAM = HZG7U5984A;
				INFOPLIST_FILE = ViewModel_Inputs_Outputs/Info.plist;
				LD_RUNPATH_SEARCH_PATHS = (
					"$(inherited)",
					"@executable_path/Frameworks",
				);
				PRODUCT_BUNDLE_IDENTIFIER = "com.HOME.ViewModel-Inputs-Outputs";
				PRODUCT_NAME = "$(TARGET_NAME)";
				SWIFT_VERSION = 5.0;
				TARGETED_DEVICE_FAMILY = "1,2";
			};
			name = Debug;
		};
		060E59F0241D56CB00CFE925 /* Release */ = {
			isa = XCBuildConfiguration;
			buildSettings = {
				ASSETCATALOG_COMPILER_APPICON_NAME = AppIcon;
				CODE_SIGN_STYLE = Automatic;
				DEVELOPMENT_TEAM = HZG7U5984A;
				INFOPLIST_FILE = ViewModel_Inputs_Outputs/Info.plist;
				LD_RUNPATH_SEARCH_PATHS = (
					"$(inherited)",
					"@executable_path/Frameworks",
				);
				PRODUCT_BUNDLE_IDENTIFIER = "com.HOME.ViewModel-Inputs-Outputs";
				PRODUCT_NAME = "$(TARGET_NAME)";
				SWIFT_VERSION = 5.0;
				TARGETED_DEVICE_FAMILY = "1,2";
			};
			name = Release;
		};
		060E59F2241D56CB00CFE925 /* Debug */ = {
			isa = XCBuildConfiguration;
			buildSettings = {
				ALWAYS_EMBED_SWIFT_STANDARD_LIBRARIES = YES;
				BUNDLE_LOADER = "$(TEST_HOST)";
				CODE_SIGN_STYLE = Automatic;
				DEVELOPMENT_TEAM = HZG7U5984A;
				INFOPLIST_FILE = ViewModel_Inputs_OutputsTests/Info.plist;
				IPHONEOS_DEPLOYMENT_TARGET = 13.2;
				LD_RUNPATH_SEARCH_PATHS = (
					"$(inherited)",
					"@executable_path/Frameworks",
					"@loader_path/Frameworks",
				);
				PRODUCT_BUNDLE_IDENTIFIER = "com.HOME.ViewModel-Inputs-OutputsTests";
				PRODUCT_NAME = "$(TARGET_NAME)";
				SWIFT_VERSION = 5.0;
				TARGETED_DEVICE_FAMILY = "1,2";
				TEST_HOST = "$(BUILT_PRODUCTS_DIR)/ViewModel_Inputs_Outputs.app/ViewModel_Inputs_Outputs";
			};
			name = Debug;
		};
		060E59F3241D56CB00CFE925 /* Release */ = {
			isa = XCBuildConfiguration;
			buildSettings = {
				ALWAYS_EMBED_SWIFT_STANDARD_LIBRARIES = YES;
				BUNDLE_LOADER = "$(TEST_HOST)";
				CODE_SIGN_STYLE = Automatic;
				DEVELOPMENT_TEAM = HZG7U5984A;
				INFOPLIST_FILE = ViewModel_Inputs_OutputsTests/Info.plist;
				IPHONEOS_DEPLOYMENT_TARGET = 13.2;
				LD_RUNPATH_SEARCH_PATHS = (
					"$(inherited)",
					"@executable_path/Frameworks",
					"@loader_path/Frameworks",
				);
				PRODUCT_BUNDLE_IDENTIFIER = "com.HOME.ViewModel-Inputs-OutputsTests";
				PRODUCT_NAME = "$(TARGET_NAME)";
				SWIFT_VERSION = 5.0;
				TARGETED_DEVICE_FAMILY = "1,2";
				TEST_HOST = "$(BUILT_PRODUCTS_DIR)/ViewModel_Inputs_Outputs.app/ViewModel_Inputs_Outputs";
			};
			name = Release;
		};
		0646A0CF241DD8CA00E0C833 /* Testing */ = {
			isa = XCBuildConfiguration;
			buildSettings = {
				ALWAYS_SEARCH_USER_PATHS = NO;
				CLANG_ANALYZER_NONNULL = YES;
				CLANG_ANALYZER_NUMBER_OBJECT_CONVERSION = YES_AGGRESSIVE;
				CLANG_CXX_LANGUAGE_STANDARD = "gnu++14";
				CLANG_CXX_LIBRARY = "libc++";
				CLANG_ENABLE_MODULES = YES;
				CLANG_ENABLE_OBJC_ARC = YES;
				CLANG_ENABLE_OBJC_WEAK = YES;
				CLANG_WARN_BLOCK_CAPTURE_AUTORELEASING = YES;
				CLANG_WARN_BOOL_CONVERSION = YES;
				CLANG_WARN_COMMA = YES;
				CLANG_WARN_CONSTANT_CONVERSION = YES;
				CLANG_WARN_DEPRECATED_OBJC_IMPLEMENTATIONS = YES;
				CLANG_WARN_DIRECT_OBJC_ISA_USAGE = YES_ERROR;
				CLANG_WARN_DOCUMENTATION_COMMENTS = YES;
				CLANG_WARN_EMPTY_BODY = YES;
				CLANG_WARN_ENUM_CONVERSION = YES;
				CLANG_WARN_INFINITE_RECURSION = YES;
				CLANG_WARN_INT_CONVERSION = YES;
				CLANG_WARN_NON_LITERAL_NULL_CONVERSION = YES;
				CLANG_WARN_OBJC_IMPLICIT_RETAIN_SELF = YES;
				CLANG_WARN_OBJC_LITERAL_CONVERSION = YES;
				CLANG_WARN_OBJC_ROOT_CLASS = YES_ERROR;
				CLANG_WARN_RANGE_LOOP_ANALYSIS = YES;
				CLANG_WARN_STRICT_PROTOTYPES = YES;
				CLANG_WARN_SUSPICIOUS_MOVE = YES;
				CLANG_WARN_UNGUARDED_AVAILABILITY = YES_AGGRESSIVE;
				CLANG_WARN_UNREACHABLE_CODE = YES;
				CLANG_WARN__DUPLICATE_METHOD_MATCH = YES;
				COPY_PHASE_STRIP = NO;
				DEBUG_INFORMATION_FORMAT = dwarf;
				ENABLE_STRICT_OBJC_MSGSEND = YES;
				ENABLE_TESTABILITY = YES;
				GCC_C_LANGUAGE_STANDARD = gnu11;
				GCC_DYNAMIC_NO_PIC = NO;
				GCC_NO_COMMON_BLOCKS = YES;
				GCC_OPTIMIZATION_LEVEL = 0;
				GCC_PREPROCESSOR_DEFINITIONS = (
					"DEBUG=1",
					"$(inherited)",
				);
				GCC_WARN_64_TO_32_BIT_CONVERSION = YES;
				GCC_WARN_ABOUT_RETURN_TYPE = YES_ERROR;
				GCC_WARN_UNDECLARED_SELECTOR = YES;
				GCC_WARN_UNINITIALIZED_AUTOS = YES_AGGRESSIVE;
				GCC_WARN_UNUSED_FUNCTION = YES;
				GCC_WARN_UNUSED_VARIABLE = YES;
				IPHONEOS_DEPLOYMENT_TARGET = 13.2;
				MTL_ENABLE_DEBUG_INFO = INCLUDE_SOURCE;
				MTL_FAST_MATH = YES;
				ONLY_ACTIVE_ARCH = YES;
				SDKROOT = iphoneos;
				SWIFT_ACTIVE_COMPILATION_CONDITIONS = DEBUG;
				SWIFT_OPTIMIZATION_LEVEL = "-Onone";
			};
			name = Testing;
		};
		0646A0D0241DD8CA00E0C833 /* Testing */ = {
			isa = XCBuildConfiguration;
			buildSettings = {
				ASSETCATALOG_COMPILER_APPICON_NAME = AppIcon;
				CODE_SIGN_STYLE = Automatic;
				DEVELOPMENT_TEAM = HZG7U5984A;
				INFOPLIST_FILE = ViewModel_Inputs_Outputs/Info.plist;
				LD_RUNPATH_SEARCH_PATHS = (
					"$(inherited)",
					"@executable_path/Frameworks",
				);
				PRODUCT_BUNDLE_IDENTIFIER = "com.HOME.ViewModel-Inputs-Outputs";
				PRODUCT_NAME = "$(TARGET_NAME)";
				SWIFT_VERSION = 5.0;
				TARGETED_DEVICE_FAMILY = "1,2";
			};
			name = Testing;
		};
		0646A0D1241DD8CA00E0C833 /* Testing */ = {
			isa = XCBuildConfiguration;
			buildSettings = {
				ALWAYS_EMBED_SWIFT_STANDARD_LIBRARIES = YES;
				BUNDLE_LOADER = "$(TEST_HOST)";
				CODE_SIGN_STYLE = Automatic;
				DEVELOPMENT_TEAM = HZG7U5984A;
				INFOPLIST_FILE = ViewModel_Inputs_OutputsTests/Info.plist;
				IPHONEOS_DEPLOYMENT_TARGET = 13.2;
				LD_RUNPATH_SEARCH_PATHS = (
					"$(inherited)",
					"@executable_path/Frameworks",
					"@loader_path/Frameworks",
				);
				PRODUCT_BUNDLE_IDENTIFIER = "com.HOME.ViewModel-Inputs-OutputsTests";
				PRODUCT_NAME = "$(TARGET_NAME)";
				SWIFT_VERSION = 5.0;
				TARGETED_DEVICE_FAMILY = "1,2";
				TEST_HOST = "$(BUILT_PRODUCTS_DIR)/ViewModel_Inputs_Outputs.app/ViewModel_Inputs_Outputs";
			};
			name = Testing;
		};
/* End XCBuildConfiguration section */

/* Begin XCConfigurationList section */
		060E59CA241D56CA00CFE925 /* Build configuration list for PBXProject "ViewModel_Inputs_Outputs" */ = {
			isa = XCConfigurationList;
			buildConfigurations = (
				060E59EC241D56CB00CFE925 /* Debug */,
				0646A0CF241DD8CA00E0C833 /* Testing */,
				060E59ED241D56CB00CFE925 /* Release */,
			);
			defaultConfigurationIsVisible = 0;
			defaultConfigurationName = Release;
		};
		060E59EE241D56CB00CFE925 /* Build configuration list for PBXNativeTarget "ViewModel_Inputs_Outputs" */ = {
			isa = XCConfigurationList;
			buildConfigurations = (
				060E59EF241D56CB00CFE925 /* Debug */,
				0646A0D0241DD8CA00E0C833 /* Testing */,
				060E59F0241D56CB00CFE925 /* Release */,
			);
			defaultConfigurationIsVisible = 0;
			defaultConfigurationName = Release;
		};
		060E59F1241D56CB00CFE925 /* Build configuration list for PBXNativeTarget "ViewModel_Inputs_OutputsTests" */ = {
			isa = XCConfigurationList;
			buildConfigurations = (
				060E59F2241D56CB00CFE925 /* Debug */,
				0646A0D1241DD8CA00E0C833 /* Testing */,
				060E59F3241D56CB00CFE925 /* Release */,
			);
			defaultConfigurationIsVisible = 0;
			defaultConfigurationName = Release;
		};
/* End XCConfigurationList section */

/* Begin XCVersionGroup section */
		0646A0C2241D8BCC00E0C833 /* TaskModel.xcdatamodeld */ = {
			isa = XCVersionGroup;
			children = (
				0646A0C3241D8BCC00E0C833 /* TaskModel.xcdatamodel */,
			);
			currentVersion = 0646A0C3241D8BCC00E0C833 /* TaskModel.xcdatamodel */;
			path = TaskModel.xcdatamodeld;
			sourceTree = "<group>";
			versionGroupType = wrapper.xcdatamodel;
		};
/* End XCVersionGroup section */
	};
	rootObject = 060E59C7241D56CA00CFE925 /* Project object */;
}
